
Microsoft Visual Studio Solution File, Format Version 12.00
# Visual Studio Version 17
VisualStudioVersion = 17.8.34330.188
MinimumVisualStudioVersion = 10.0.40219.1
Project("{FAE04EC0-301F-11D3-BF4B-00C04F79EFBC}") = "lab11a", "lab11a\lab11a.csproj", "{BC081B4D-23DA-4F75-86DB-7139C3431913}"
EndProject
Global
	GlobalSection(SolutionConfigurationPlatforms) = preSolution
		Debug|Any CPU = Debug|Any CPU
		Release|Any CPU = Release|Any CPU
	EndGlobalSection
	GlobalSection(ProjectConfigurationPlatforms) = postSolution
		{BC081B4D-23DA-4F75-86DB-7139C3431913}.Debug|Any CPU.ActiveCfg = Debug|Any CPU
		{BC081B4D-23DA-4F75-86DB-7139C3431913}.Debug|Any CPU.Build.0 = Debug|Any CPU
		{BC081B4D-23DA-4F75-86DB-7139C3431913}.Release|Any CPU.ActiveCfg = Release|Any CPU
		{BC081B4D-23DA-4F75-86DB-7139C3431913}.Release|Any CPU.Build.0 = Release|Any CPU
	EndGlobalSection
	GlobalSection(SolutionProperties) = preSolution
		HideSolutionNode = FALSE
	EndGlobalSection
	GlobalSection(ExtensibilityGlobals) = postSolution
		SolutionGuid = {92299349-6282-450B-A20E-6A2BA0A7EDCE}
	EndGlobalSection
EndGlobal
