
Microsoft Visual Studio Solution File, Format Version 12.00
# Visual Studio Version 17
VisualStudioVersion = 17.8.34330.188
MinimumVisualStudioVersion = 10.0.40219.1
Project("{FAE04EC0-301F-11D3-BF4B-00C04F79EFBC}") = "lab08", "lab08\lab08.csproj", "{C1E07EAD-8FC3-44DB-95A3-C24404EA0CAC}"
EndProject
Global
	GlobalSection(SolutionConfigurationPlatforms) = preSolution
		Debug|Any CPU = Debug|Any CPU
		Release|Any CPU = Release|Any CPU
	EndGlobalSection
	GlobalSection(ProjectConfigurationPlatforms) = postSolution
		{C1E07EAD-8FC3-44DB-95A3-C24404EA0CAC}.Debug|Any CPU.ActiveCfg = Debug|Any CPU
		{C1E07EAD-8FC3-44DB-95A3-C24404EA0CAC}.Debug|Any CPU.Build.0 = Debug|Any CPU
		{C1E07EAD-8FC3-44DB-95A3-C24404EA0CAC}.Release|Any CPU.ActiveCfg = Release|Any CPU
		{C1E07EAD-8FC3-44DB-95A3-C24404EA0CAC}.Release|Any CPU.Build.0 = Release|Any CPU
	EndGlobalSection
	GlobalSection(SolutionProperties) = preSolution
		HideSolutionNode = FALSE
	EndGlobalSection
	GlobalSection(ExtensibilityGlobals) = postSolution
		SolutionGuid = {224F4279-83BB-4315-B204-9B35201C381F}
	EndGlobalSection
EndGlobal
